
Microsoft Visual Studio Solution File, Format Version 12.00
# Visual Studio 14
VisualStudioVersion = 14.0.25420.1
MinimumVisualStudioVersion = 10.0.40219.1
Project("{FAE04EC0-301F-11D3-BF4B-00C04F79EFBC}") = "EF_SQLite_Test", "EF_SQLite_Test\EF_SQLite_Test.csproj", "{3FD33775-B38A-49A3-B76B-401BC8BE236A}"
EndProject
Global
	GlobalSection(SolutionConfigurationPlatforms) = preSolution
		Debug|Any CPU = Debug|Any CPU
		Release|Any CPU = Release|Any CPU
	EndGlobalSection
	GlobalSection(ProjectConfigurationPlatforms) = postSolution
		{3FD33775-B38A-49A3-B76B-401BC8BE236A}.Debug|Any CPU.ActiveCfg = Debug|Any CPU
		{3FD33775-B38A-49A3-B76B-401BC8BE236A}.Debug|Any CPU.Build.0 = Debug|Any CPU
		{3FD33775-B38A-49A3-B76B-401BC8BE236A}.Release|Any CPU.ActiveCfg = Release|Any CPU
		{3FD33775-B38A-49A3-B76B-401BC8BE236A}.Release|Any CPU.Build.0 = Release|Any CPU
	EndGlobalSection
	GlobalSection(SolutionProperties) = preSolution
		HideSolutionNode = FALSE
	EndGlobalSection
	GlobalSection(ExtensibilityGlobals) = postSolution
		SolutionGuid = {1B8274E1-1272-4D1B-B6B3-A2D747C48F5F}
	EndGlobalSection
EndGlobal
